// !$*UTF8*$!
{
	archiveVersion = 1;
	classes = {
	};
	objectVersion = 46;
	objects = {

/* Begin PBXBuildFile section */
		784523E91A3FBDC400433787 /* main.m in Sources */ = {isa = PBXBuildFile; fileRef = 784523E81A3FBDC400433787 /* main.m */; };
		784523EC1A3FBDC400433787 /* AppDelegate.m in Sources */ = {isa = PBXBuildFile; fileRef = 784523EB1A3FBDC400433787 /* AppDelegate.m */; };
		784523EF1A3FBDC400433787 /* ViewController.m in Sources */ = {isa = PBXBuildFile; fileRef = 784523EE1A3FBDC400433787 /* ViewController.m */; };
		784523F21A3FBDC400433787 /* Main.storyboard in Resources */ = {isa = PBXBuildFile; fileRef = 784523F01A3FBDC400433787 /* Main.storyboard */; };
		784523F41A3FBDC400433787 /* Images.xcassets in Resources */ = {isa = PBXBuildFile; fileRef = 784523F31A3FBDC400433787 /* Images.xcassets */; };
		784523F71A3FBDC400433787 /* LaunchScreen.xib in Resources */ = {isa = PBXBuildFile; fileRef = 784523F51A3FBDC400433787 /* LaunchScreen.xib */; };
		784524031A3FBDC400433787 /* Task_List_AssignmentTests.m in Sources */ = {isa = PBXBuildFile; fileRef = 784524021A3FBDC400433787 /* Task_List_AssignmentTests.m */; };
		7845240E1A3FC0CD00433787 /* AddTaskViewController.m in Sources */ = {isa = PBXBuildFile; fileRef = 7845240D1A3FC0CD00433787 /* AddTaskViewController.m */; };
		784524121A3FC22000433787 /* ViewTaskDetailsViewController.m in Sources */ = {isa = PBXBuildFile; fileRef = 784524111A3FC22000433787 /* ViewTaskDetailsViewController.m */; };
		784524151A3FDA1A00433787 /* EditTaskDetailsViewController.m in Sources */ = {isa = PBXBuildFile; fileRef = 784524141A3FDA1A00433787 /* EditTaskDetailsViewController.m */; };
		784524181A3FDF9400433787 /* TaskObject.m in Sources */ = {isa = PBXBuildFile; fileRef = 784524171A3FDF9400433787 /* TaskObject.m */; };
		7845241B1A40392200433787 /* UITableViewCell.xib in Resources */ = {isa = PBXBuildFile; fileRef = 7845241A1A40392200433787 /* UITableViewCell.xib */; };
		7845241E1A403A9200433787 /* MyTableViewCell.m in Sources */ = {isa = PBXBuildFile; fileRef = 7845241D1A403A9200433787 /* MyTableViewCell.m */; };
		784524221A4041EF00433787 /* TestTasks.m in Sources */ = {isa = PBXBuildFile; fileRef = 784524211A4041EF00433787 /* TestTasks.m */; };
/* End PBXBuildFile section */

/* Begin PBXContainerItemProxy section */
		784523FD1A3FBDC400433787 /* PBXContainerItemProxy */ = {
			isa = PBXContainerItemProxy;
			containerPortal = 784523DB1A3FBDC400433787 /* Project object */;
			proxyType = 1;
			remoteGlobalIDString = 784523E21A3FBDC400433787;
			remoteInfo = "Task List Assignment";
		};
/* End PBXContainerItemProxy section */

/* Begin PBXFileReference section */
		784523E31A3FBDC400433787 /* Task List Assignment.app */ = {isa = PBXFileReference; explicitFileType = wrapper.application; includeInIndex = 0; path = "Task List Assignment.app"; sourceTree = BUILT_PRODUCTS_DIR; };
		784523E71A3FBDC400433787 /* Info.plist */ = {isa = PBXFileReference; lastKnownFileType = text.plist.xml; path = Info.plist; sourceTree = "<group>"; };
		784523E81A3FBDC400433787 /* main.m */ = {isa = PBXFileReference; lastKnownFileType = sourcecode.c.objc; path = main.m; sourceTree = "<group>"; };
		784523EA1A3FBDC400433787 /* AppDelegate.h */ = {isa = PBXFileReference; lastKnownFileType = sourcecode.c.h; path = AppDelegate.h; sourceTree = "<group>"; };
		784523EB1A3FBDC400433787 /* AppDelegate.m */ = {isa = PBXFileReference; lastKnownFileType = sourcecode.c.objc; path = AppDelegate.m; sourceTree = "<group>"; };
		784523ED1A3FBDC400433787 /* ViewController.h */ = {isa = PBXFileReference; lastKnownFileType = sourcecode.c.h; path = ViewController.h; sourceTree = "<group>"; };
		784523EE1A3FBDC400433787 /* ViewController.m */ = {isa = PBXFileReference; lastKnownFileType = sourcecode.c.objc; path = ViewController.m; sourceTree = "<group>"; };
		784523F11A3FBDC400433787 /* Base */ = {isa = PBXFileReference; lastKnownFileType = file.storyboard; name = Base; path = Base.lproj/Main.storyboard; sourceTree = "<group>"; };
		784523F31A3FBDC400433787 /* Images.xcassets */ = {isa = PBXFileReference; lastKnownFileType = folder.assetcatalog; path = Images.xcassets; sourceTree = "<group>"; };
		784523F61A3FBDC400433787 /* Base */ = {isa = PBXFileReference; lastKnownFileType = file.xib; name = Base; path = Base.lproj/LaunchScreen.xib; sourceTree = "<group>"; };
		784523FC1A3FBDC400433787 /* Task List AssignmentTests.xctest */ = {isa = PBXFileReference; explicitFileType = wrapper.cfbundle; includeInIndex = 0; path = "Task List AssignmentTests.xctest"; sourceTree = BUILT_PRODUCTS_DIR; };
		784524011A3FBDC400433787 /* Info.plist */ = {isa = PBXFileReference; lastKnownFileType = text.plist.xml; path = Info.plist; sourceTree = "<group>"; };
		784524021A3FBDC400433787 /* Task_List_AssignmentTests.m */ = {isa = PBXFileReference; lastKnownFileType = sourcecode.c.objc; path = Task_List_AssignmentTests.m; sourceTree = "<group>"; };
		7845240C1A3FC0CD00433787 /* AddTaskViewController.h */ = {isa = PBXFileReference; fileEncoding = 4; lastKnownFileType = sourcecode.c.h; path = AddTaskViewController.h; sourceTree = "<group>"; };
		7845240D1A3FC0CD00433787 /* AddTaskViewController.m */ = {isa = PBXFileReference; fileEncoding = 4; lastKnownFileType = sourcecode.c.objc; path = AddTaskViewController.m; sourceTree = "<group>"; };
		784524101A3FC22000433787 /* ViewTaskDetailsViewController.h */ = {isa = PBXFileReference; fileEncoding = 4; lastKnownFileType = sourcecode.c.h; path = ViewTaskDetailsViewController.h; sourceTree = "<group>"; };
		784524111A3FC22000433787 /* ViewTaskDetailsViewController.m */ = {isa = PBXFileReference; fileEncoding = 4; lastKnownFileType = sourcecode.c.objc; path = ViewTaskDetailsViewController.m; sourceTree = "<group>"; };
		784524131A3FDA1A00433787 /* EditTaskDetailsViewController.h */ = {isa = PBXFileReference; fileEncoding = 4; lastKnownFileType = sourcecode.c.h; path = EditTaskDetailsViewController.h; sourceTree = "<group>"; };
		784524141A3FDA1A00433787 /* EditTaskDetailsViewController.m */ = {isa = PBXFileReference; fileEncoding = 4; lastKnownFileType = sourcecode.c.objc; path = EditTaskDetailsViewController.m; sourceTree = "<group>"; };
		784524161A3FDF9400433787 /* TaskObject.h */ = {isa = PBXFileReference; fileEncoding = 4; lastKnownFileType = sourcecode.c.h; path = TaskObject.h; sourceTree = "<group>"; };
		784524171A3FDF9400433787 /* TaskObject.m */ = {isa = PBXFileReference; fileEncoding = 4; lastKnownFileType = sourcecode.c.objc; path = TaskObject.m; sourceTree = "<group>"; };
		7845241A1A40392200433787 /* UITableViewCell.xib */ = {isa = PBXFileReference; fileEncoding = 4; lastKnownFileType = file.xib; path = UITableViewCell.xib; sourceTree = "<group>"; };
		7845241C1A403A9200433787 /* MyTableViewCell.h */ = {isa = PBXFileReference; fileEncoding = 4; lastKnownFileType = sourcecode.c.h; path = MyTableViewCell.h; sourceTree = "<group>"; };
		7845241D1A403A9200433787 /* MyTableViewCell.m */ = {isa = PBXFileReference; fileEncoding = 4; lastKnownFileType = sourcecode.c.objc; path = MyTableViewCell.m; sourceTree = "<group>"; };
		784524201A4041EF00433787 /* TestTasks.h */ = {isa = PBXFileReference; fileEncoding = 4; lastKnownFileType = sourcecode.c.h; path = TestTasks.h; sourceTree = "<group>"; };
		784524211A4041EF00433787 /* TestTasks.m */ = {isa = PBXFileReference; fileEncoding = 4; lastKnownFileType = sourcecode.c.objc; path = TestTasks.m; sourceTree = "<group>"; };
/* End PBXFileReference section */

/* Begin PBXFrameworksBuildPhase section */
		784523E01A3FBDC400433787 /* Frameworks */ = {
			isa = PBXFrameworksBuildPhase;
			buildActionMask = 2147483647;
			files = (
			);
			runOnlyForDeploymentPostprocessing = 0;
		};
		784523F91A3FBDC400433787 /* Frameworks */ = {
			isa = PBXFrameworksBuildPhase;
			buildActionMask = 2147483647;
			files = (
			);
			runOnlyForDeploymentPostprocessing = 0;
		};
/* End PBXFrameworksBuildPhase section */

/* Begin PBXGroup section */
		784523DA1A3FBDC400433787 = {
			isa = PBXGroup;
			children = (
				784523E51A3FBDC400433787 /* Task List Assignment */,
				784523FF1A3FBDC400433787 /* Task List AssignmentTests */,
				784523E41A3FBDC400433787 /* Products */,
			);
			sourceTree = "<group>";
		};
		784523E41A3FBDC400433787 /* Products */ = {
			isa = PBXGroup;
			children = (
				784523E31A3FBDC400433787 /* Task List Assignment.app */,
				784523FC1A3FBDC400433787 /* Task List AssignmentTests.xctest */,
			);
			name = Products;
			sourceTree = "<group>";
		};
		784523E51A3FBDC400433787 /* Task List Assignment */ = {
			isa = PBXGroup;
			children = (
				784523EA1A3FBDC400433787 /* AppDelegate.h */,
				784523EB1A3FBDC400433787 /* AppDelegate.m */,
				784523F01A3FBDC400433787 /* Main.storyboard */,
				7845240F1A3FC0D900433787 /* View Controllers */,
				784524191A3FDFA200433787 /* Model */,
				7845241F1A403A9900433787 /* Configuring TableViewCell */,
				784523F31A3FBDC400433787 /* Images.xcassets */,
				784523F51A3FBDC400433787 /* LaunchScreen.xib */,
				784523E61A3FBDC400433787 /* Supporting Files */,
			);
			path = "Task List Assignment";
			sourceTree = "<group>";
		};
		784523E61A3FBDC400433787 /* Supporting Files */ = {
			isa = PBXGroup;
			children = (
				784524201A4041EF00433787 /* TestTasks.h */,
				784524211A4041EF00433787 /* TestTasks.m */,
				784523E71A3FBDC400433787 /* Info.plist */,
				784523E81A3FBDC400433787 /* main.m */,
			);
			name = "Supporting Files";
			sourceTree = "<group>";
		};
		784523FF1A3FBDC400433787 /* Task List AssignmentTests */ = {
			isa = PBXGroup;
			children = (
				784524021A3FBDC400433787 /* Task_List_AssignmentTests.m */,
				784524001A3FBDC400433787 /* Supporting Files */,
			);
			path = "Task List AssignmentTests";
			sourceTree = "<group>";
		};
		784524001A3FBDC400433787 /* Supporting Files */ = {
			isa = PBXGroup;
			children = (
				784524011A3FBDC400433787 /* Info.plist */,
			);
			name = "Supporting Files";
			sourceTree = "<group>";
		};
		7845240F1A3FC0D900433787 /* View Controllers */ = {
			isa = PBXGroup;
			children = (
				784523ED1A3FBDC400433787 /* ViewController.h */,
				784523EE1A3FBDC400433787 /* ViewController.m */,
				7845240C1A3FC0CD00433787 /* AddTaskViewController.h */,
				7845240D1A3FC0CD00433787 /* AddTaskViewController.m */,
				784524101A3FC22000433787 /* ViewTaskDetailsViewController.h */,
				784524111A3FC22000433787 /* ViewTaskDetailsViewController.m */,
				784524131A3FDA1A00433787 /* EditTaskDetailsViewController.h */,
				784524141A3FDA1A00433787 /* EditTaskDetailsViewController.m */,
			);
			name = "View Controllers";
			sourceTree = "<group>";
		};
		784524191A3FDFA200433787 /* Model */ = {
			isa = PBXGroup;
			children = (
				784524161A3FDF9400433787 /* TaskObject.h */,
				784524171A3FDF9400433787 /* TaskObject.m */,
			);
			name = Model;
			sourceTree = "<group>";
		};
		7845241F1A403A9900433787 /* Configuring TableViewCell */ = {
			isa = PBXGroup;
			children = (
				7845241C1A403A9200433787 /* MyTableViewCell.h */,
				7845241D1A403A9200433787 /* MyTableViewCell.m */,
				7845241A1A40392200433787 /* UITableViewCell.xib */,
			);
			name = "Configuring TableViewCell";
			path = ..;
			sourceTree = "<group>";
		};
/* End PBXGroup section */

/* Begin PBXNativeTarget section */
		784523E21A3FBDC400433787 /* Task List Assignment */ = {
			isa = PBXNativeTarget;
			buildConfigurationList = 784524061A3FBDC400433787 /* Build configuration list for PBXNativeTarget "Task List Assignment" */;
			buildPhases = (
				784523DF1A3FBDC400433787 /* Sources */,
				784523E01A3FBDC400433787 /* Frameworks */,
				784523E11A3FBDC400433787 /* Resources */,
			);
			buildRules = (
			);
			dependencies = (
			);
			name = "Task List Assignment";
			productName = "Task List Assignment";
			productReference = 784523E31A3FBDC400433787 /* Task List Assignment.app */;
			productType = "com.apple.product-type.application";
		};
		784523FB1A3FBDC400433787 /* Task List AssignmentTests */ = {
			isa = PBXNativeTarget;
			buildConfigurationList = 784524091A3FBDC400433787 /* Build configuration list for PBXNativeTarget "Task List AssignmentTests" */;
			buildPhases = (
				784523F81A3FBDC400433787 /* Sources */,
				784523F91A3FBDC400433787 /* Frameworks */,
				784523FA1A3FBDC400433787 /* Resources */,
			);
			buildRules = (
			);
			dependencies = (
				784523FE1A3FBDC400433787 /* PBXTargetDependency */,
			);
			name = "Task List AssignmentTests";
			productName = "Task List AssignmentTests";
			productReference = 784523FC1A3FBDC400433787 /* Task List AssignmentTests.xctest */;
			productType = "com.apple.product-type.bundle.unit-test";
		};
/* End PBXNativeTarget section */

/* Begin PBXProject section */
		784523DB1A3FBDC400433787 /* Project object */ = {
			isa = PBXProject;
			attributes = {
				LastUpgradeCheck = 0610;
				ORGANIZATIONNAME = RobinJayaswal;
				TargetAttributes = {
					784523E21A3FBDC400433787 = {
						CreatedOnToolsVersion = 6.1.1;
					};
					784523FB1A3FBDC400433787 = {
						CreatedOnToolsVersion = 6.1.1;
						TestTargetID = 784523E21A3FBDC400433787;
					};
				};
			};
			buildConfigurationList = 784523DE1A3FBDC400433787 /* Build configuration list for PBXProject "Task List Assignment" */;
			compatibilityVersion = "Xcode 3.2";
			developmentRegion = English;
			hasScannedForEncodings = 0;
			knownRegions = (
				en,
				Base,
			);
			mainGroup = 784523DA1A3FBDC400433787;
			productRefGroup = 784523E41A3FBDC400433787 /* Products */;
			projectDirPath = "";
			projectRoot = "";
			targets = (
				784523E21A3FBDC400433787 /* Task List Assignment */,
				784523FB1A3FBDC400433787 /* Task List AssignmentTests */,
			);
		};
/* End PBXProject section */

/* Begin PBXResourcesBuildPhase section */
		784523E11A3FBDC400433787 /* Resources */ = {
			isa = PBXResourcesBuildPhase;
			buildActionMask = 2147483647;
			files = (
				784523F21A3FBDC400433787 /* Main.storyboard in Resources */,
				7845241B1A40392200433787 /* UITableViewCell.xib in Resources */,
				784523F71A3FBDC400433787 /* LaunchScreen.xib in Resources */,
				784523F41A3FBDC400433787 /* Images.xcassets in Resources */,
			);
			runOnlyForDeploymentPostprocessing = 0;
		};
		784523FA1A3FBDC400433787 /* Resources */ = {
			isa = PBXResourcesBuildPhase;
			buildActionMask = 2147483647;
			files = (
			);
			runOnlyForDeploymentPostprocessing = 0;
		};
/* End PBXResourcesBuildPhase section */

/* Begin PBXSourcesBuildPhase section */
		784523DF1A3FBDC400433787 /* Sources */ = {
			isa = PBXSourcesBuildPhase;
			buildActionMask = 2147483647;
			files = (
				784524181A3FDF9400433787 /* TaskObject.m in Sources */,
				784524151A3FDA1A00433787 /* EditTaskDetailsViewController.m in Sources */,
				784523EF1A3FBDC400433787 /* ViewController.m in Sources */,
				7845240E1A3FC0CD00433787 /* AddTaskViewController.m in Sources */,
				784524121A3FC22000433787 /* ViewTaskDetailsViewController.m in Sources */,
				784524221A4041EF00433787 /* TestTasks.m in Sources */,
				7845241E1A403A9200433787 /* MyTableViewCell.m in Sources */,
				784523EC1A3FBDC400433787 /* AppDelegate.m in Sources */,
				784523E91A3FBDC400433787 /* main.m in Sources */,
			);
			runOnlyForDeploymentPostprocessing = 0;
		};
		784523F81A3FBDC400433787 /* Sources */ = {
			isa = PBXSourcesBuildPhase;
			buildActionMask = 2147483647;
			files = (
				784524031A3FBDC400433787 /* Task_List_AssignmentTests.m in Sources */,
			);
			runOnlyForDeploymentPostprocessing = 0;
		};
/* End PBXSourcesBuildPhase section */

/* Begin PBXTargetDependency section */
		784523FE1A3FBDC400433787 /* PBXTargetDependency */ = {
			isa = PBXTargetDependency;
			target = 784523E21A3FBDC400433787 /* Task List Assignment */;
			targetProxy = 784523FD1A3FBDC400433787 /* PBXContainerItemProxy */;
		};
/* End PBXTargetDependency section */

/* Begin PBXVariantGroup section */
		784523F01A3FBDC400433787 /* Main.storyboard */ = {
			isa = PBXVariantGroup;
			children = (
				784523F11A3FBDC400433787 /* Base */,
			);
			name = Main.storyboard;
			sourceTree = "<group>";
		};
		784523F51A3FBDC400433787 /* LaunchScreen.xib */ = {
			isa = PBXVariantGroup;
			children = (
				784523F61A3FBDC400433787 /* Base */,
			);
			name = LaunchScreen.xib;
			sourceTree = "<group>";
		};
/* End PBXVariantGroup section */

/* Begin XCBuildConfiguration section */
		784524041A3FBDC400433787 /* Debug */ = {
			isa = XCBuildConfiguration;
			buildSettings = {
				ALWAYS_SEARCH_USER_PATHS = NO;
				CLANG_CXX_LANGUAGE_STANDARD = "gnu++0x";
				CLANG_CXX_LIBRARY = "libc++";
				CLANG_ENABLE_MODULES = YES;
				CLANG_ENABLE_OBJC_ARC = YES;
				CLANG_WARN_BOOL_CONVERSION = YES;
				CLANG_WARN_CONSTANT_CONVERSION = YES;
				CLANG_WARN_DIRECT_OBJC_ISA_USAGE = YES_ERROR;
				CLANG_WARN_EMPTY_BODY = YES;
				CLANG_WARN_ENUM_CONVERSION = YES;
				CLANG_WARN_INT_CONVERSION = YES;
				CLANG_WARN_OBJC_ROOT_CLASS = YES_ERROR;
				CLANG_WARN_UNREACHABLE_CODE = YES;
				CLANG_WARN__DUPLICATE_METHOD_MATCH = YES;
				"CODE_SIGN_IDENTITY[sdk=iphoneos*]" = "iPhone Developer";
				COPY_PHASE_STRIP = NO;
				ENABLE_STRICT_OBJC_MSGSEND = YES;
				GCC_C_LANGUAGE_STANDARD = gnu99;
				GCC_DYNAMIC_NO_PIC = NO;
				GCC_OPTIMIZATION_LEVEL = 0;
				GCC_PREPROCESSOR_DEFINITIONS = (
					"DEBUG=1",
					"$(inherited)",
				);
				GCC_SYMBOLS_PRIVATE_EXTERN = NO;
				GCC_WARN_64_TO_32_BIT_CONVERSION = YES;
				GCC_WARN_ABOUT_RETURN_TYPE = YES_ERROR;
				GCC_WARN_UNDECLARED_SELECTOR = YES;
				GCC_WARN_UNINITIALIZED_AUTOS = YES_AGGRESSIVE;
				GCC_WARN_UNUSED_FUNCTION = YES;
				GCC_WARN_UNUSED_VARIABLE = YES;
				IPHONEOS_DEPLOYMENT_TARGET = 8.1;
				MTL_ENABLE_DEBUG_INFO = YES;
				ONLY_ACTIVE_ARCH = YES;
				SDKROOT = iphoneos;
			};
			name = Debug;
		};
		784524051A3FBDC400433787 /* Release */ = {
			isa = XCBuildConfiguration;
			buildSettings = {
				ALWAYS_SEARCH_USER_PATHS = NO;
				CLANG_CXX_LANGUAGE_STANDARD = "gnu++0x";
				CLANG_CXX_LIBRARY = "libc++";
				CLANG_ENABLE_MODULES = YES;
				CLANG_ENABLE_OBJC_ARC = YES;
				CLANG_WARN_BOOL_CONVERSION = YES;
				CLANG_WARN_CONSTANT_CONVERSION = YES;
				CLANG_WARN_DIRECT_OBJC_ISA_USAGE = YES_ERROR;
				CLANG_WARN_EMPTY_BODY = YES;
				CLANG_WARN_ENUM_CONVERSION = YES;
				CLANG_WARN_INT_CONVERSION = YES;
				CLANG_WARN_OBJC_ROOT_CLASS = YES_ERROR;
				CLANG_WARN_UNREACHABLE_CODE = YES;
				CLANG_WARN__DUPLICATE_METHOD_MATCH = YES;
				"CODE_SIGN_IDENTITY[sdk=iphoneos*]" = "iPhone Developer";
				COPY_PHASE_STRIP = YES;
				ENABLE_NS_ASSERTIONS = NO;
				ENABLE_STRICT_OBJC_MSGSEND = YES;
				GCC_C_LANGUAGE_STANDARD = gnu99;
				GCC_WARN_64_TO_32_BIT_CONVERSION = YES;
				GCC_WARN_ABOUT_RETURN_TYPE = YES_ERROR;
				GCC_WARN_UNDECLARED_SELECTOR = YES;
				GCC_WARN_UNINITIALIZED_AUTOS = YES_AGGRESSIVE;
				GCC_WARN_UNUSED_FUNCTION = YES;
				GCC_WARN_UNUSED_VARIABLE = YES;
				IPHONEOS_DEPLOYMENT_TARGET = 8.1;
				MTL_ENABLE_DEBUG_INFO = NO;
				SDKROOT = iphoneos;
				VALIDATE_PRODUCT = YES;
			};
			name = Release;
		};
		784524071A3FBDC400433787 /* Debug */ = {
			isa = XCBuildConfiguration;
			buildSettings = {
				ASSETCATALOG_COMPILER_APPICON_NAME = AppIcon;
				INFOPLIST_FILE = "Task List Assignment/Info.plist";
				LD_RUNPATH_SEARCH_PATHS = "$(inherited) @executable_path/Frameworks";
				PRODUCT_NAME = "$(TARGET_NAME)";
			};
			name = Debug;
		};
		784524081A3FBDC400433787 /* Release */ = {
			isa = XCBuildConfiguration;
			buildSettings = {
				ASSETCATALOG_COMPILER_APPICON_NAME = AppIcon;
				INFOPLIST_FILE = "Task List Assignment/Info.plist";
				LD_RUNPATH_SEARCH_PATHS = "$(inherited) @executable_path/Frameworks";
				PRODUCT_NAME = "$(TARGET_NAME)";
			};
			name = Release;
		};
		7845240A1A3FBDC400433787 /* Debug */ = {
			isa = XCBuildConfiguration;
			buildSettings = {
				BUNDLE_LOADER = "$(TEST_HOST)";
				FRAMEWORK_SEARCH_PATHS = (
					"$(SDKROOT)/Developer/Library/Frameworks",
					"$(inherited)",
				);
				GCC_PREPROCESSOR_DEFINITIONS = (
					"DEBUG=1",
					"$(inherited)",
				);
				INFOPLIST_FILE = "Task List AssignmentTests/Info.plist";
				LD_RUNPATH_SEARCH_PATHS = "$(inherited) @executable_path/Frameworks @loader_path/Frameworks";
				PRODUCT_NAME = "$(TARGET_NAME)";
				TEST_HOST = "$(BUILT_PRODUCTS_DIR)/Task List Assignment.app/Task List Assignment";
			};
			name = Debug;
		};
		7845240B1A3FBDC400433787 /* Release */ = {
			isa = XCBuildConfiguration;
			buildSettings = {
				BUNDLE_LOADER = "$(TEST_HOST)";
				FRAMEWORK_SEARCH_PATHS = (
					"$(SDKROOT)/Developer/Library/Frameworks",
					"$(inherited)",
				);
				INFOPLIST_FILE = "Task List AssignmentTests/Info.plist";
				LD_RUNPATH_SEARCH_PATHS = "$(inherited) @executable_path/Frameworks @loader_path/Frameworks";
				PRODUCT_NAME = "$(TARGET_NAME)";
				TEST_HOST = "$(BUILT_PRODUCTS_DIR)/Task List Assignment.app/Task List Assignment";
			};
			name = Release;
		};
/* End XCBuildConfiguration section */

/* Begin XCConfigurationList section */
		784523DE1A3FBDC400433787 /* Build configuration list for PBXProject "Task List Assignment" */ = {
			isa = XCConfigurationList;
			buildConfigurations = (
				784524041A3FBDC400433787 /* Debug */,
				784524051A3FBDC400433787 /* Release */,
			);
			defaultConfigurationIsVisible = 0;
			defaultConfigurationName = Release;
		};
		784524061A3FBDC400433787 /* Build configuration list for PBXNativeTarget "Task List Assignment" */ = {
			isa = XCConfigurationList;
			buildConfigurations = (
				784524071A3FBDC400433787 /* Debug */,
				784524081A3FBDC400433787 /* Release */,
			);
			defaultConfigurationIsVisible = 0;
		};
		784524091A3FBDC400433787 /* Build configuration list for PBXNativeTarget "Task List AssignmentTests" */ = {
			isa = XCConfigurationList;
			buildConfigurations = (
				7845240A1A3FBDC400433787 /* Debug */,
				7845240B1A3FBDC400433787 /* Release */,
			);
			defaultConfigurationIsVisible = 0;
		};
/* End XCConfigurationList section */
	};
	rootObject = 784523DB1A3FBDC400433787 /* Project object */;
}
